{
  "version": 4,
  "terraform_version": "1.15.8",
  "serial": 18,
  "lineage": "10cd1292-8ef8-5041-90c3-ba4528edc971",
  "outputs": {
    "gcs_state_bucket": {
      "value": "fabled-ruler-363118-tfstate",
      "type": "string"
    },
    "github_deployer_service_account_email": {
      "value": "github-actions-deployer@fabled-ruler-363118.iam.gserviceaccount.com",
      "type": "string"
    },
    "workload_identity_provider_name": {
      "value": "projects/988401930376/locations/global/workloadIdentityPools/github-actions-pool/providers/github-actions-provider",
      "type": "string"
    }
  },
  "resources": [
    {
      "mode": "managed",
      "type": "google_iam_workload_identity_pool",
      "name": "github_pool",
      "provider": "provider[\"registry.terraform.io/hashicorp/google\"]",
      "instances": [
        {
          "schema_version": 0,
          "attributes": {
            "description": "Workload Identity Pool for GitHub Actions GitOps pipeline baseline",
            "disabled": false,
            "display_name": "GitHub Actions Pool",
            "id": "projects/fabled-ruler-363118/locations/global/workloadIdentityPools/github-actions-pool",
            "name": "projects/988401930376/locations/global/workloadIdentityPools/github-actions-pool",
            "project": "fabled-ruler-363118",
            "state": "ACTIVE",
            "timeouts": null,
            "workload_identity_pool_id": "github-actions-pool"
          },
          "sensitive_attributes": [],
          "identity_schema_version": 0,
          "private": "eyJlMmJmYjczMC1lY2FhLTExZTYtOGY4OC0zNDM2M2JjN2M0YzAiOnsiY3JlYXRlIjoxMjAwMDAwMDAwMDAwLCJkZWxldGUiOjEyMDAwMDAwMDAwMDAsInVwZGF0ZSI6MTIwMDAwMDAwMDAwMH19"
        }
      ]
    },
    {
      "mode": "managed",
      "type": "google_iam_workload_identity_pool_provider",
      "name": "github_provider",
      "provider": "provider[\"registry.terraform.io/hashicorp/google\"]",
      "instances": [
        {
          "schema_version": 0,
          "attributes": {
            "attribute_condition": "assertion.repository == 'rjshnautiyal31-cloud/ai-stock-agent'",
            "attribute_mapping": {
              "attribute.actor": "assertion.actor",
              "attribute.repository": "assertion.repository",
              "google.subject": "assertion.sub"
            },
            "aws": [],
            "description": "Workload Identity Provider mapped to GitHub OIDC",
            "disabled": false,
            "display_name": "GitHub Actions Provider",
            "id": "projects/fabled-ruler-363118/locations/global/workloadIdentityPools/github-actions-pool/providers/github-actions-provider",
            "name": "projects/988401930376/locations/global/workloadIdentityPools/github-actions-pool/providers/github-actions-provider",
            "oidc": [
              {
                "allowed_audiences": [],
                "issuer_uri": "https://token.actions.githubusercontent.com",
                "jwks_json": ""
              }
            ],
            "project": "fabled-ruler-363118",
            "saml": [],
            "state": "ACTIVE",
            "timeouts": null,
            "workload_identity_pool_id": "github-actions-pool",
            "workload_identity_pool_provider_id": "github-actions-provider"
          },
          "sensitive_attributes": [],
          "identity_schema_version": 0,
          "private": "eyJlMmJmYjczMC1lY2FhLTExZTYtOGY4OC0zNDM2M2JjN2M0YzAiOnsiY3JlYXRlIjoxMjAwMDAwMDAwMDAwLCJkZWxldGUiOjEyMDAwMDAwMDAwMDAsInVwZGF0ZSI6MTIwMDAwMDAwMDAwMH19",
          "dependencies": [
            "google_iam_workload_identity_pool.github_pool"
          ]
        }
      ]
    },
    {
      "mode": "managed",
      "type": "google_project_iam_member",
      "name": "deployer_project_roles",
      "provider": "provider[\"registry.terraform.io/hashicorp/google\"]",
      "instances": [
        {
          "index_key": "roles/dialogflow.admin",
          "schema_version": 0,
          "attributes": {
            "condition": [],
            "etag": "BwZWklGdav0=",
            "id": "fabled-ruler-363118/roles/dialogflow.admin/serviceAccount:github-actions-deployer@fabled-ruler-363118.iam.gserviceaccount.com",
            "member": "serviceAccount:github-actions-deployer@fabled-ruler-363118.iam.gserviceaccount.com",
            "project": "fabled-ruler-363118",
            "role": "roles/dialogflow.admin"
          },
          "sensitive_attributes": [],
          "identity_schema_version": 0,
          "private": "bnVsbA==",
          "dependencies": [
            "google_service_account.github_deployer"
          ]
        },
        {
          "index_key": "roles/discoveryengine.admin",
          "schema_version": 0,
          "attributes": {
            "condition": [],
            "etag": "BwZWkh/E6+c=",
            "id": "fabled-ruler-363118/roles/discoveryengine.admin/serviceAccount:github-actions-deployer@fabled-ruler-363118.iam.gserviceaccount.com",
            "member": "serviceAccount:github-actions-deployer@fabled-ruler-363118.iam.gserviceaccount.com",
            "project": "fabled-ruler-363118",
            "role": "roles/discoveryengine.admin"
          },
          "sensitive_attributes": [],
          "identity_schema_version": 0,
          "private": "bnVsbA==",
          "dependencies": [
            "google_service_account.github_deployer"
          ]
        },
        {
          "index_key": "roles/iam.serviceAccountAdmin",
          "schema_version": 0,
          "attributes": {
            "condition": [],
            "etag": "BwZWkh/E6+c=",
            "id": "fabled-ruler-363118/roles/iam.serviceAccountAdmin/serviceAccount:github-actions-deployer@fabled-ruler-363118.iam.gserviceaccount.com",
            "member": "serviceAccount:github-actions-deployer@fabled-ruler-363118.iam.gserviceaccount.com",
            "project": "fabled-ruler-363118",
            "role": "roles/iam.serviceAccountAdmin"
          },
          "sensitive_attributes": [],
          "identity_schema_version": 0,
          "private": "bnVsbA==",
          "dependencies": [
            "google_service_account.github_deployer"
          ]
        },
        {
          "index_key": "roles/iam.serviceAccountUser",
          "schema_version": 0,
          "attributes": {
            "condition": [],
            "etag": "BwZWkh/E6+c=",
            "id": "fabled-ruler-363118/roles/iam.serviceAccountUser/serviceAccount:github-actions-deployer@fabled-ruler-363118.iam.gserviceaccount.com",
            "member": "serviceAccount:github-actions-deployer@fabled-ruler-363118.iam.gserviceaccount.com",
            "project": "fabled-ruler-363118",
            "role": "roles/iam.serviceAccountUser"
          },
          "sensitive_attributes": [],
          "identity_schema_version": 0,
          "private": "bnVsbA==",
          "dependencies": [
            "google_service_account.github_deployer"
          ]
        },
        {
          "index_key": "roles/resourcemanager.projectIamAdmin",
          "schema_version": 0,
          "attributes": {
            "condition": [],
            "etag": "BwZWkh/E6+c=",
            "id": "fabled-ruler-363118/roles/resourcemanager.projectIamAdmin/serviceAccount:github-actions-deployer@fabled-ruler-363118.iam.gserviceaccount.com",
            "member": "serviceAccount:github-actions-deployer@fabled-ruler-363118.iam.gserviceaccount.com",
            "project": "fabled-ruler-363118",
            "role": "roles/resourcemanager.projectIamAdmin"
          },
          "sensitive_attributes": [],
          "identity_schema_version": 0,
          "private": "bnVsbA==",
          "dependencies": [
            "google_service_account.github_deployer"
          ]
        },
        {
          "index_key": "roles/run.admin",
          "schema_version": 0,
          "attributes": {
            "condition": [],
            "etag": "BwZWkh/E6+c=",
            "id": "fabled-ruler-363118/roles/run.admin/serviceAccount:github-actions-deployer@fabled-ruler-363118.iam.gserviceaccount.com",
            "member": "serviceAccount:github-actions-deployer@fabled-ruler-363118.iam.gserviceaccount.com",
            "project": "fabled-ruler-363118",
            "role": "roles/run.admin"
          },
          "sensitive_attributes": [],
          "identity_schema_version": 0,
          "private": "bnVsbA==",
          "dependencies": [
            "google_service_account.github_deployer"
          ]
        },
        {
          "index_key": "roles/secretmanager.admin",
          "schema_version": 0,
          "attributes": {
            "condition": [],
            "etag": "BwZWkh/E6+c=",
            "id": "fabled-ruler-363118/roles/secretmanager.admin/serviceAccount:github-actions-deployer@fabled-ruler-363118.iam.gserviceaccount.com",
            "member": "serviceAccount:github-actions-deployer@fabled-ruler-363118.iam.gserviceaccount.com",
            "project": "fabled-ruler-363118",
            "role": "roles/secretmanager.admin"
          },
          "sensitive_attributes": [],
          "identity_schema_version": 0,
          "private": "bnVsbA==",
          "dependencies": [
            "google_service_account.github_deployer"
          ]
        }
      ]
    },
    {
      "mode": "managed",
      "type": "google_service_account",
      "name": "github_deployer",
      "provider": "provider[\"registry.terraform.io/hashicorp/google\"]",
      "instances": [
        {
          "schema_version": 0,
          "attributes": {
            "account_id": "github-actions-deployer",
            "create_ignore_already_exists": null,
            "description": "Service account assumed by GitHub Actions via OIDC Workload Identity Federation",
            "disabled": false,
            "display_name": "GitHub Actions CI/CD Deployer",
            "email": "github-actions-deployer@fabled-ruler-363118.iam.gserviceaccount.com",
            "id": "projects/fabled-ruler-363118/serviceAccounts/github-actions-deployer@fabled-ruler-363118.iam.gserviceaccount.com",
            "member": "serviceAccount:github-actions-deployer@fabled-ruler-363118.iam.gserviceaccount.com",
            "name": "projects/fabled-ruler-363118/serviceAccounts/github-actions-deployer@fabled-ruler-363118.iam.gserviceaccount.com",
            "project": "fabled-ruler-363118",
            "timeouts": null,
            "unique_id": "112840305750526614123"
          },
          "sensitive_attributes": [],
          "identity_schema_version": 0,
          "private": "eyJlMmJmYjczMC1lY2FhLTExZTYtOGY4OC0zNDM2M2JjN2M0YzAiOnsiY3JlYXRlIjozMDAwMDAwMDAwMDB9fQ=="
        }
      ]
    },
    {
      "mode": "managed",
      "type": "google_service_account_iam_member",
      "name": "workload_identity_binding",
      "provider": "provider[\"registry.terraform.io/hashicorp/google\"]",
      "instances": [
        {
          "schema_version": 0,
          "attributes": {
            "condition": [],
            "etag": "BwZWkVq75cw=",
            "id": "projects/fabled-ruler-363118/serviceAccounts/github-actions-deployer@fabled-ruler-363118.iam.gserviceaccount.com/roles/iam.workloadIdentityUser/principalSet://iam.googleapis.com/projects/988401930376/locations/global/workloadIdentityPools/github-actions-pool/attribute.repository/rjshnautiyal31-cloud/ai-stock-agent",
            "member": "principalSet://iam.googleapis.com/projects/988401930376/locations/global/workloadIdentityPools/github-actions-pool/attribute.repository/rjshnautiyal31-cloud/ai-stock-agent",
            "role": "roles/iam.workloadIdentityUser",
            "service_account_id": "projects/fabled-ruler-363118/serviceAccounts/github-actions-deployer@fabled-ruler-363118.iam.gserviceaccount.com"
          },
          "sensitive_attributes": [],
          "identity_schema_version": 0,
          "private": "bnVsbA==",
          "dependencies": [
            "google_iam_workload_identity_pool.github_pool",
            "google_service_account.github_deployer"
          ]
        }
      ]
    },
    {
      "mode": "managed",
      "type": "google_storage_bucket",
      "name": "tf_state",
      "provider": "provider[\"registry.terraform.io/hashicorp/google\"]",
      "instances": [
        {
          "schema_version": 2,
          "attributes": {
            "autoclass": [],
            "cors": [],
            "custom_placement_config": [],
            "default_event_based_hold": false,
            "effective_labels": {},
            "enable_object_retention": false,
            "encryption": [],
            "force_destroy": false,
            "id": "fabled-ruler-363118-tfstate",
            "labels": {},
            "lifecycle_rule": [
              {
                "action": [
                  {
                    "storage_class": "",
                    "type": "Delete"
                  }
                ],
                "condition": [
                  {
                    "age": 0,
                    "created_before": "",
                    "custom_time_before": "",
                    "days_since_custom_time": 0,
                    "days_since_noncurrent_time": 0,
                    "matches_prefix": [],
                    "matches_storage_class": [],
                    "matches_suffix": [],
                    "no_age": false,
                    "noncurrent_time_before": "",
                    "num_newer_versions": 5,
                    "send_age_if_zero": true,
                    "send_days_since_custom_time_if_zero": false,
                    "send_days_since_noncurrent_time_if_zero": false,
                    "send_num_newer_versions_if_zero": false,
                    "with_state": "ANY"
                  }
                ]
              }
            ],
            "location": "US-CENTRAL1",
            "logging": [],
            "name": "fabled-ruler-363118-tfstate",
            "project": "fabled-ruler-363118",
            "project_number": 988401930376,
            "public_access_prevention": "inherited",
            "requester_pays": false,
            "retention_policy": [],
            "rpo": null,
            "self_link": "https://www.googleapis.com/storage/v1/b/fabled-ruler-363118-tfstate",
            "soft_delete_policy": [
              {
                "effective_time": "2026-07-14T12:28:58.801Z",
                "retention_duration_seconds": 604800
              }
            ],
            "storage_class": "STANDARD",
            "terraform_labels": {},
            "timeouts": null,
            "uniform_bucket_level_access": true,
            "url": "gs://fabled-ruler-363118-tfstate",
            "versioning": [
              {
                "enabled": true
              }
            ],
            "website": []
          },
          "sensitive_attributes": [],
          "identity_schema_version": 0,
          "private": "eyJlMmJmYjczMC1lY2FhLTExZTYtOGY4OC0zNDM2M2JjN2M0YzAiOnsiY3JlYXRlIjo2MDAwMDAwMDAwMDAsInJlYWQiOjI0MDAwMDAwMDAwMCwidXBkYXRlIjoyNDAwMDAwMDAwMDB9LCJzY2hlbWFfdmVyc2lvbiI6IjIifQ=="
        }
      ]
    },
    {
      "mode": "managed",
      "type": "google_storage_bucket_iam_member",
      "name": "state_bucket_admin",
      "provider": "provider[\"registry.terraform.io/hashicorp/google\"]",
      "instances": [
        {
          "schema_version": 0,
          "attributes": {
            "bucket": "b/fabled-ruler-363118-tfstate",
            "condition": [],
            "etag": "CAI=",
            "id": "b/fabled-ruler-363118-tfstate/roles/storage.admin/serviceAccount:github-actions-deployer@fabled-ruler-363118.iam.gserviceaccount.com",
            "member": "serviceAccount:github-actions-deployer@fabled-ruler-363118.iam.gserviceaccount.com",
            "role": "roles/storage.admin"
          },
          "sensitive_attributes": [],
          "identity_schema_version": 0,
          "private": "bnVsbA==",
          "dependencies": [
            "google_service_account.github_deployer",
            "google_storage_bucket.tf_state"
          ]
        }
      ]
    }
  ],
  "check_results": null
}
